
Microsoft Visual Studio Solution File, Format Version 12.00
# Visual Studio Version 17
VisualStudioVersion = 17.2.32630.192
MinimumVisualStudioVersion = 10.0.40219.1
Project("{FAE04EC0-301F-11D3-BF4B-00C04F79EFBC}") = "ProgrammingWebAPI", "ProgrammingWebAPI\ProgrammingWebAPI.csproj", "{9555833B-C72C-438A-A808-3360852A7EB6}"
EndProject
Project("{FAE04EC0-301F-11D3-BF4B-00C04F79EFBC}") = "ProgrammingModels", "ProgrammingModels\ProgrammingModels.csproj", "{8E7E0C12-C7FF-4302-AC07-2416B022BBD5}"
EndProject
Project("{FAE04EC0-301F-11D3-BF4B-00C04F79EFBC}") = "ProgrammingDataContext", "ProgrammingDataContext\ProgrammingDataContext.csproj", "{3698CD73-CAC7-4B80-8CC4-50B729BC8B6D}"
EndProject
Project("{FAE04EC0-301F-11D3-BF4B-00C04F79EFBC}") = "ProgrammingServices", "ProgrammingServices\ProgrammingServices.csproj", "{2CFB83F0-157F-450F-8F89-EAD4EE9A6E34}"
EndProject
Project("{FAE04EC0-301F-11D3-BF4B-00C04F79EFBC}") = "ProgrammingConsoleWebClient", "ProgrammingConsoleWebClient\ProgrammingConsoleWebClient.csproj", "{0444F91F-8FEA-4B9C-A6E9-C498B0C95353}"
EndProject
Global
	GlobalSection(SolutionConfigurationPlatforms) = preSolution
		Debug|Any CPU = Debug|Any CPU
		Release|Any CPU = Release|Any CPU
	EndGlobalSection
	GlobalSection(ProjectConfigurationPlatforms) = postSolution
		{9555833B-C72C-438A-A808-3360852A7EB6}.Debug|Any CPU.ActiveCfg = Debug|Any CPU
		{9555833B-C72C-438A-A808-3360852A7EB6}.Debug|Any CPU.Build.0 = Debug|Any CPU
		{9555833B-C72C-438A-A808-3360852A7EB6}.Release|Any CPU.ActiveCfg = Release|Any CPU
		{9555833B-C72C-438A-A808-3360852A7EB6}.Release|Any CPU.Build.0 = Release|Any CPU
		{8E7E0C12-C7FF-4302-AC07-2416B022BBD5}.Debug|Any CPU.ActiveCfg = Debug|Any CPU
		{8E7E0C12-C7FF-4302-AC07-2416B022BBD5}.Debug|Any CPU.Build.0 = Debug|Any CPU
		{8E7E0C12-C7FF-4302-AC07-2416B022BBD5}.Release|Any CPU.ActiveCfg = Release|Any CPU
		{8E7E0C12-C7FF-4302-AC07-2416B022BBD5}.Release|Any CPU.Build.0 = Release|Any CPU
		{3698CD73-CAC7-4B80-8CC4-50B729BC8B6D}.Debug|Any CPU.ActiveCfg = Debug|Any CPU
		{3698CD73-CAC7-4B80-8CC4-50B729BC8B6D}.Debug|Any CPU.Build.0 = Debug|Any CPU
		{3698CD73-CAC7-4B80-8CC4-50B729BC8B6D}.Release|Any CPU.ActiveCfg = Release|Any CPU
		{3698CD73-CAC7-4B80-8CC4-50B729BC8B6D}.Release|Any CPU.Build.0 = Release|Any CPU
		{2CFB83F0-157F-450F-8F89-EAD4EE9A6E34}.Debug|Any CPU.ActiveCfg = Debug|Any CPU
		{2CFB83F0-157F-450F-8F89-EAD4EE9A6E34}.Debug|Any CPU.Build.0 = Debug|Any CPU
		{2CFB83F0-157F-450F-8F89-EAD4EE9A6E34}.Release|Any CPU.ActiveCfg = Release|Any CPU
		{2CFB83F0-157F-450F-8F89-EAD4EE9A6E34}.Release|Any CPU.Build.0 = Release|Any CPU
		{0444F91F-8FEA-4B9C-A6E9-C498B0C95353}.Debug|Any CPU.ActiveCfg = Debug|Any CPU
		{0444F91F-8FEA-4B9C-A6E9-C498B0C95353}.Debug|Any CPU.Build.0 = Debug|Any CPU
		{0444F91F-8FEA-4B9C-A6E9-C498B0C95353}.Release|Any CPU.ActiveCfg = Release|Any CPU
		{0444F91F-8FEA-4B9C-A6E9-C498B0C95353}.Release|Any CPU.Build.0 = Release|Any CPU
	EndGlobalSection
	GlobalSection(SolutionProperties) = preSolution
		HideSolutionNode = FALSE
	EndGlobalSection
	GlobalSection(ExtensibilityGlobals) = postSolution
		SolutionGuid = {C8C2CF3E-A77D-456B-A068-61C78413B2F0}
	EndGlobalSection
EndGlobal
